{
    "_readme": [
        "This file locks the dependencies of your project to a known state",
        "Read more about it at https://getcomposer.org/doc/01-basic-usage.md#installing-dependencies",
        "This file is @generated automatically"
    ],
    "content-hash": "63e4166b561bd1909a038221eca4c799",
    "packages": [
        {
            "name": "masterminds/html5",
            "version": "2.7.5",
            "source": {
                "type": "git",
                "url": "https://github.com/Masterminds/html5-php.git",
                "reference": "f640ac1bdddff06ea333a920c95bbad8872429ab"
            },
            "dist": {
                "type": "zip",
                "url": "https://api.github.com/repos/Masterminds/html5-php/zipball/f640ac1bdddff06ea333a920c95bbad8872429ab",
                "reference": "f640ac1bdddff06ea333a920c95bbad8872429ab",
                "shasum": ""
            },
            "require": {
                "ext-ctype": "*",
                "ext-dom": "*",
                "ext-libxml": "*",
                "php": ">=5.3.0"
            },
            "require-dev": {
                "phpunit/phpunit": "^4.8.35 || ^5.7.21 || ^6 || ^7"
            },
            "type": "library",
            "extra": {
                "branch-alias": {
                    "dev-master": "2.7-dev"
                }
            },
            "autoload": {
                "psr-4": {
                    "Masterminds\\": "src"
                }
            },
            "notification-url": "https://packagist.org/downloads/",
            "license": [
                "MIT"
            ],
            "authors": [
                {
                    "name": "Matt Butcher",
                    "email": "technosophos@gmail.com"
                },
                {
                    "name": "Matt Farina",
                    "email": "matt@mattfarina.com"
                },
                {
                    "name": "Asmir Mustafic",
                    "email": "goetas@gmail.com"
                }
            ],
            "description": "An HTML5 parser and serializer.",
            "homepage": "http://masterminds.github.io/html5-php",
            "keywords": [
                "HTML5",
                "dom",
                "html",
                "parser",
                "querypath",
                "serializer",
                "xml"
            ],
            "support": {
                "issues": "https://github.com/Masterminds/html5-php/issues",
                "source": "https://github.com/Masterminds/html5-php/tree/2.7.5"
            },
            "time": "2021-07-01T14:25:37+00:00"
        },
        {
            "name": "mundschenk-at/php-typography",
            "version": "v6.6.0",
            "source": {
                "type": "git",
                "url": "https://github.com/mundschenk-at/php-typography.git",
                "reference": "67af39c936751f96a959b9bf211044512675283c"
            },
            "dist": {
                "type": "zip",
                "url": "https://api.github.com/repos/mundschenk-at/php-typography/zipball/67af39c936751f96a959b9bf211044512675283c",
                "reference": "67af39c936751f96a959b9bf211044512675283c",
                "shasum": ""
            },
            "require": {
                "ext-mbstring": "*",
                "ext-pcre": "*",
                "masterminds/html5": "^2.5.0",
                "php": ">=5.6.0"
            },
            "require-dev": {
                "brain/monkey": "^2.2.0",
                "dealerdirect/phpcodesniffer-composer-installer": "^0.6",
                "ext-curl": "*",
                "mundschenk-at/phpunit-cross-version": "dev-master",
                "phpbench/phpbench": "^0.17||^1.0@dev",
                "phpcompatibility/php-compatibility": "^9.0",
                "phpstan/phpstan": "^0.12",
                "phpunit/phpunit": "5.*||6.*||7.*|8.*|9.*",
                "squizlabs/php_codesniffer": "^3",
                "wp-coding-standards/wpcs": "^2.0"
            },
            "bin": [
                "src/bin/update-patterns.php",
                "src/bin/update-iana.php"
            ],
            "type": "library",
            "autoload": {
                "classmap": [
                    "src/"
                ]
            },
            "notification-url": "https://packagist.org/downloads/",
            "license": [
                "GPL-2.0-or-later"
            ],
            "authors": [
                {
                    "name": "Peter Putzer",
                    "email": "github@mundschenk.at",
                    "homepage": "https://code.mundschenk.at",
                    "role": "Developer"
                },
                {
                    "name": "Jeffrey D. King",
                    "email": "jeff.king@weathersource.com",
                    "homepage": "http://kingdesk.com",
                    "role": "Original author"
                }
            ],
            "description": "A PHP library for improving your web typography",
            "support": {
                "issues": "https://github.com/mundschenk-at/php-typography/issues",
                "source": "https://github.com/mundschenk-at/php-typography/tree/v6.6.0"
            },
            "time": "2020-04-05T12:14:12+00:00"
        }
    ],
    "packages-dev": [
        {
            "name": "squizlabs/php_codesniffer",
            "version": "3.6.2",
            "source": {
                "type": "git",
                "url": "https://github.com/squizlabs/PHP_CodeSniffer.git",
                "reference": "5e4e71592f69da17871dba6e80dd51bce74a351a"
            },
            "dist": {
                "type": "zip",
                "url": "https://api.github.com/repos/squizlabs/PHP_CodeSniffer/zipball/5e4e71592f69da17871dba6e80dd51bce74a351a",
                "reference": "5e4e71592f69da17871dba6e80dd51bce74a351a",
                "shasum": ""
            },
            "require": {
                "ext-simplexml": "*",
                "ext-tokenizer": "*",
                "ext-xmlwriter": "*",
                "php": ">=5.4.0"
            },
            "require-dev": {
                "phpunit/phpunit": "^4.0 || ^5.0 || ^6.0 || ^7.0"
            },
            "bin": [
                "bin/phpcs",
                "bin/phpcbf"
            ],
            "type": "library",
            "extra": {
                "branch-alias": {
                    "dev-master": "3.x-dev"
                }
            },
            "notification-url": "https://packagist.org/downloads/",
            "license": [
                "BSD-3-Clause"
            ],
            "authors": [
                {
                    "name": "Greg Sherwood",
                    "role": "lead"
                }
            ],
            "description": "PHP_CodeSniffer tokenizes PHP, JavaScript and CSS files and detects violations of a defined set of coding standards.",
            "homepage": "https://github.com/squizlabs/PHP_CodeSniffer",
            "keywords": [
                "phpcs",
                "standards"
            ],
            "support": {
                "issues": "https://github.com/squizlabs/PHP_CodeSniffer/issues",
                "source": "https://github.com/squizlabs/PHP_CodeSniffer",
                "wiki": "https://github.com/squizlabs/PHP_CodeSniffer/wiki"
            },
            "time": "2021-12-12T21:44:58+00:00"
        }
    ],
    "aliases": [],
    "minimum-stability": "stable",
    "stability-flags": [],
    "prefer-stable": false,
    "prefer-lowest": false,
    "platform": {
        "php": ">=7.1.3"
    },
    "platform-dev": [],
    "platform-overrides": {
        "php": "7.1.3"
    },
    "plugin-api-version": "2.2.0"
}
