{
    "_readme": [
        "This file locks the dependencies of your project to a known state",
        "Read more about it at https://getcomposer.org/doc/01-basic-usage.md#installing-dependencies",
        "This file is @generated automatically"
    ],
    "content-hash": "1c15593d0ee5840485b48923009c2050",
    "packages": [
        {
            "name": "masterminds/html5",
            "version": "2.11.0",
            "source": {
                "type": "git",
                "url": "https://github.com/Masterminds/html5-php.git",
                "reference": "a1e7a2f88ee13635d86fc61cfbdf2306a76ddfc7"
            },
            "dist": {
                "type": "zip",
                "url": "https://api.github.com/repos/Masterminds/html5-php/zipball/a1e7a2f88ee13635d86fc61cfbdf2306a76ddfc7",
                "reference": "a1e7a2f88ee13635d86fc61cfbdf2306a76ddfc7",
                "shasum": ""
            },
            "require": {
                "ext-dom": "*",
                "php": ">=7.4"
            },
            "require-dev": {
                "phpunit/phpunit": "^6 || ^7 || ^8 || ^9 || ^10"
            },
            "type": "library",
            "extra": {
                "branch-alias": {
                    "dev-master": "2.7-dev"
                }
            },
            "autoload": {
                "psr-4": {
                    "Masterminds\\": "src"
                }
            },
            "notification-url": "https://packagist.org/downloads/",
            "license": [
                "MIT"
            ],
            "authors": [
                {
                    "name": "Matt Butcher",
                    "email": "technosophos@gmail.com"
                },
                {
                    "name": "Matt Farina",
                    "email": "matt@mattfarina.com"
                },
                {
                    "name": "Asmir Mustafic",
                    "email": "goetas@gmail.com"
                }
            ],
            "description": "An HTML5 parser and serializer.",
            "homepage": "http://masterminds.github.io/html5-php",
            "keywords": [
                "HTML5",
                "dom",
                "html",
                "parser",
                "querypath",
                "serializer",
                "xml"
            ],
            "support": {
                "issues": "https://github.com/Masterminds/html5-php/issues",
                "source": "https://github.com/Masterminds/html5-php/tree/2.11.0"
            },
            "time": "2026-08-18T06:18:41+00:00"
        },
        {
            "name": "mundschenk-at/php-typography",
            "version": "v7.0.0",
            "source": {
                "type": "git",
                "url": "https://github.com/mundschenk-at/php-typography.git",
                "reference": "3be68a237594e7ac67f9a95779d6d160c5378c56"
            },
            "dist": {
                "type": "zip",
                "url": "https://api.github.com/repos/mundschenk-at/php-typography/zipball/3be68a237594e7ac67f9a95779d6d160c5378c56",
                "reference": "3be68a237594e7ac67f9a95779d6d160c5378c56",
                "shasum": ""
            },
            "require": {
                "ext-mbstring": "*",
                "ext-pcre": "*",
                "masterminds/html5": "^2.5.0",
                "php": ">=8.1.0"
            },
            "require-dev": {
                "brain/monkey": "^2.2.0",
                "dealerdirect/phpcodesniffer-composer-installer": "^1.0",
                "ext-curl": "*",
                "mikey179/vfsstream": "~1",
                "mundschenk-at/phpunit-cross-version": "dev-main",
                "phpbench/phpbench": "^0.17||^1.0@dev",
                "phpcompatibility/php-compatibility": "^9.0",
                "phpstan/extension-installer": "^1.2",
                "phpstan/phpstan": "^2",
                "phpstan/phpstan-mockery": "^2",
                "phpunit/phpunit": "9.*|10.*|11.*|12.*|13.*",
                "squizlabs/php_codesniffer": "^3|^4",
                "wp-coding-standards/wpcs": "^3"
            },
            "bin": [
                "src/bin/update-patterns.php",
                "src/bin/update-iana.php"
            ],
            "type": "library",
            "autoload": {
                "classmap": [
                    "src/"
                ]
            },
            "notification-url": "https://packagist.org/downloads/",
            "license": [
                "GPL-2.0-or-later"
            ],
            "authors": [
                {
                    "name": "Peter Putzer",
                    "email": "github@mundschenk.at",
                    "homepage": "https://code.mundschenk.at",
                    "role": "Developer"
                },
                {
                    "name": "Jeffrey D. King",
                    "email": "jeff.king@weathersource.com",
                    "homepage": "http://kingdesk.com",
                    "role": "Original author"
                }
            ],
            "description": "A PHP library for improving your web typography",
            "support": {
                "issues": "https://github.com/mundschenk-at/php-typography/issues",
                "source": "https://github.com/mundschenk-at/php-typography/tree/v7.0.0"
            },
            "time": "2026-08-09T16:41:07+00:00"
        }
    ],
    "packages-dev": [
        {
            "name": "phpstan/phpstan",
            "version": "2.2.14",
            "dist": {
                "type": "zip",
                "url": "https://api.github.com/repos/phpstan/phpstan/zipball/9c672e7a8e791dfc3d30e55f683e73fc0b63a3ac",
                "reference": "9c672e7a8e791dfc3d30e55f683e73fc0b63a3ac",
                "shasum": ""
            },
            "require": {
                "php": "^7.4|^8.0"
            },
            "conflict": {
                "phpstan/phpstan-shim": "*"
            },
            "bin": [
                "phpstan",
                "phpstan.phar"
            ],
            "type": "library",
            "autoload": {
                "files": [
                    "bootstrap.php"
                ]
            },
            "notification-url": "https://packagist.org/downloads/",
            "license": [
                "MIT"
            ],
            "authors": [
                {
                    "name": "Ondřej Mirtes"
                },
                {
                    "name": "Markus Staab"
                },
                {
                    "name": "Vincent Langlet"
                }
            ],
            "description": "PHPStan - PHP Static Analysis Tool",
            "keywords": [
                "dev",
                "static analysis"
            ],
            "support": {
                "docs": "https://phpstan.org/user-guide/getting-started",
                "forum": "https://github.com/phpstan/phpstan/discussions",
                "issues": "https://github.com/phpstan/phpstan/issues",
                "security": "https://github.com/phpstan/phpstan/security/policy",
                "source": "https://github.com/phpstan/phpstan-src"
            },
            "funding": [
                {
                    "url": "https://github.com/ondrejmirtes",
                    "type": "github"
                },
                {
                    "url": "https://github.com/phpstan",
                    "type": "github"
                }
            ],
            "time": "2026-09-12T21:39:33+00:00"
        },
        {
            "name": "rector/rector",
            "version": "2.6.7",
            "source": {
                "type": "git",
                "url": "https://github.com/rectorphp/rector.git",
                "reference": "f4aa224edb9b0630fb43826d4cb6a49b62e48d4c"
            },
            "dist": {
                "type": "zip",
                "url": "https://api.github.com/repos/rectorphp/rector/zipball/f4aa224edb9b0630fb43826d4cb6a49b62e48d4c",
                "reference": "f4aa224edb9b0630fb43826d4cb6a49b62e48d4c",
                "shasum": ""
            },
            "require": {
                "php": "^7.4|^8.0",
                "phpstan/phpstan": "^2.2.14"
            },
            "conflict": {
                "rector/rector-doctrine": "*",
                "rector/rector-downgrade-php": "*",
                "rector/rector-phpunit": "*",
                "rector/rector-symfony": "*"
            },
            "bin": [
                "bin/rector"
            ],
            "type": "library",
            "autoload": {
                "files": [
                    "bootstrap.php"
                ]
            },
            "notification-url": "https://packagist.org/downloads/",
            "license": [
                "MIT"
            ],
            "description": "Instant Upgrade and Automated Refactoring of any PHP code",
            "homepage": "https://getrector.com/",
            "keywords": [
                "automation",
                "dev",
                "migration",
                "refactoring"
            ],
            "support": {
                "issues": "https://github.com/rectorphp/rector/issues",
                "source": "https://github.com/rectorphp/rector/tree/2.6.7"
            },
            "funding": [
                {
                    "url": "https://github.com/tomasvotruba",
                    "type": "github"
                }
            ],
            "time": "2026-09-13T20:17:44+00:00"
        },
        {
            "name": "symplify/easy-coding-standard",
            "version": "13.3.2",
            "source": {
                "type": "git",
                "url": "https://github.com/ecsphp/ecs.git",
                "reference": "91848a91bfe688ee2c597c5d9f03d47c8855c743"
            },
            "dist": {
                "type": "zip",
                "url": "https://api.github.com/repos/ecsphp/ecs/zipball/91848a91bfe688ee2c597c5d9f03d47c8855c743",
                "reference": "91848a91bfe688ee2c597c5d9f03d47c8855c743",
                "shasum": ""
            },
            "require": {
                "php": ">=7.2"
            },
            "conflict": {
                "friendsofphp/php-cs-fixer": "<3.95.20",
                "phpcsstandards/php_codesniffer": "<4.0.4",
                "symplify/coding-standard": "<13.0"
            },
            "bin": [
                "bin/ecs"
            ],
            "type": "library",
            "autoload": {
                "files": [
                    "bootstrap.php"
                ]
            },
            "notification-url": "https://packagist.org/downloads/",
            "license": [
                "MIT"
            ],
            "description": "Use Coding Standard with 0-knowledge of PHP-CS-Fixer and PHP_CodeSniffer",
            "keywords": [
                "Code style",
                "automation",
                "fixer",
                "static analysis"
            ],
            "support": {
                "source": "https://github.com/ecsphp/ecs/tree/13.3.2"
            },
            "time": "2026-09-07T09:07:35+00:00"
        }
    ],
    "aliases": [],
    "minimum-stability": "stable",
    "stability-flags": {},
    "prefer-stable": false,
    "prefer-lowest": false,
    "platform": {
        "php": ">=8.2",
        "ext-mbstring": "*"
    },
    "platform-dev": {},
    "platform-overrides": {
        "php": "8.2"
    },
    "plugin-api-version": "2.9.0"
}
